
Microsoft Visual Studio Solution File, Format Version 11.00
# Visual Studio 2010
Project("{E24C65DC-7377-472B-9ABA-BC803B73C61A}") = "中英文网站", ".", "{843DDE1D-96C6-42D0-A007-95F075DEA4F7}"
	ProjectSection(WebsiteProperties) = preProject
		TargetFrameworkMoniker = ".NETFramework,Version%3Dv4.0"
		Debug.AspNetCompiler.VirtualPath = "/chAen"
		Debug.AspNetCompiler.PhysicalPath = "D:\chAen\"
		Debug.AspNetCompiler.TargetPath = "PrecompiledWeb\chAen\"
		Debug.AspNetCompiler.Updateable = "true"
		Debug.AspNetCompiler.ForceOverwrite = "true"
		Debug.AspNetCompiler.FixedNames = "false"
		Debug.AspNetCompiler.Debug = "True"
		Release.AspNetCompiler.VirtualPath = "/chAen"
		Release.AspNetCompiler.PhysicalPath = "D:\chAen\"
		Release.AspNetCompiler.TargetPath = "PrecompiledWeb\chAen\"
		Release.AspNetCompiler.Updateable = "true"
		Release.AspNetCompiler.ForceOverwrite = "true"
		Release.AspNetCompiler.FixedNames = "false"
		Release.AspNetCompiler.Debug = "False"
		VWDPort = "1071"
	EndProjectSection
EndProject
Global
	GlobalSection(SolutionConfigurationPlatforms) = preSolution
		Debug|.NET = Debug|.NET
	EndGlobalSection
	GlobalSection(ProjectConfigurationPlatforms) = postSolution
		{843DDE1D-96C6-42D0-A007-95F075DEA4F7}.Debug|.NET.ActiveCfg = Debug|.NET
		{843DDE1D-96C6-42D0-A007-95F075DEA4F7}.Debug|.NET.Build.0 = Debug|.NET
	EndGlobalSection
	GlobalSection(SolutionProperties) = preSolution
		HideSolutionNode = FALSE
	EndGlobalSection
EndGlobal
